<?xml version="1.0" encoding="UTF-8" standalone="yes" ?>
<CodeBlocks_project_file>
	<FileVersion major="1" minor="6" />
	<Project>
		<Option title="Trabajo Practico 2" />
		<Option pch_mode="2" />
		<Option compiler="gcc" />
		<Option virtualFolders="Menus/;Mostrar/;Modificaciones/;Busqueda/;Informar/;Validaciones/" />
		<Build>
			<Target title="Debug">
				<Option output="bin/Debug/Estructura 1" prefix_auto="1" extension_auto="1" />
				<Option object_output="obj/Debug/" />
				<Option type="1" />
				<Option compiler="gcc" />
				<Compiler>
					<Add option="-g" />
				</Compiler>
			</Target>
			<Target title="Release">
				<Option output="bin/Release/Estructura 1" prefix_auto="1" extension_auto="1" />
				<Option object_output="obj/Release/" />
				<Option type="1" />
				<Option compiler="gcc" />
				<Compiler>
					<Add option="-O2" />
				</Compiler>
				<Linker>
					<Add option="-s" />
				</Linker>
			</Target>
		</Build>
		<Compiler>
			<Add option="-Wall" />
		</Compiler>
		<Unit filename="alta_empleado.c">
			<Option compilerVar="CC" />
			<Option virtualFolder="Modificaciones/" />
		</Unit>
		<Unit filename="baja_empleado.c">
			<Option compilerVar="CC" />
			<Option virtualFolder="Modificaciones/" />
		</Unit>
		<Unit filename="buscar_empleado.c">
			<Option compilerVar="CC" />
			<Option virtualFolder="Busqueda/" />
		</Unit>
		<Unit filename="buscar_libre.c">
			<Option compilerVar="CC" />
			<Option virtualFolder="Busqueda/" />
		</Unit>
		<Unit filename="cargar_descripcion_sector.c">
			<Option compilerVar="CC" />
			<Option virtualFolder="Modificaciones/" />
		</Unit>
		<Unit filename="data_warehouse.h" />
		<Unit filename="empleados.h" />
		<Unit filename="harcodear_empleados.c">
			<Option compilerVar="CC" />
		</Unit>
		<Unit filename="informar.c">
			<Option compilerVar="CC" />
			<Option virtualFolder="Informar/" />
		</Unit>
		<Unit filename="informar_empleados_que_superan.c">
			<Option compilerVar="CC" />
			<Option virtualFolder="Informar/" />
		</Unit>
		<Unit filename="informar_total_sueldos.c">
			<Option compilerVar="CC" />
			<Option virtualFolder="Informar/" />
		</Unit>
		<Unit filename="inicializar_empleados.c">
			<Option compilerVar="CC" />
			<Option virtualFolder="Modificaciones/" />
		</Unit>
		<Unit filename="main.c">
			<Option compilerVar="CC" />
		</Unit>
		<Unit filename="menu.c">
			<Option compilerVar="CC" />
			<Option virtualFolder="Menus/" />
		</Unit>
		<Unit filename="menu_informes.c">
			<Option compilerVar="CC" />
			<Option virtualFolder="Menus/" />
		</Unit>
		<Unit filename="menu_modificacion.c">
			<Option compilerVar="CC" />
			<Option virtualFolder="Menus/" />
		</Unit>
		<Unit filename="modificar_empleado.c">
			<Option compilerVar="CC" />
			<Option virtualFolder="Modificaciones/" />
		</Unit>
		<Unit filename="mostrar_empleado.c">
			<Option compilerVar="CC" />
			<Option virtualFolder="Mostrar/" />
		</Unit>
		<Unit filename="mostrar_empleados.c">
			<Option compilerVar="CC" />
			<Option virtualFolder="Mostrar/" />
		</Unit>
		<Unit filename="mostrar_sectores.c">
			<Option compilerVar="CC" />
			<Option virtualFolder="Mostrar/" />
		</Unit>
		<Unit filename="normalizar_nombres.c">
			<Option compilerVar="CC" />
			<Option virtualFolder="Modificaciones/" />
		</Unit>
		<Unit filename="ordenar_empleados.c">
			<Option compilerVar="CC" />
			<Option virtualFolder="Mostrar/" />
		</Unit>
		<Unit filename="validar_numero.c">
			<Option compilerVar="CC" />
			<Option virtualFolder="Validaciones/" />
		</Unit>
		<Extensions>
			<lib_finder disable_auto="1" />
		</Extensions>
	</Project>
</CodeBlocks_project_file>
